
Microsoft Visual Studio Solution File, Format Version 12.00
# Visual Studio Version 17
VisualStudioVersion = 17.13.35931.197 d17.13
MinimumVisualStudioVersion = 10.0.40219.1
Project("{FAE04EC0-301F-11D3-BF4B-00C04F79EFBC}") = "OIMRF", "OIMRF.csproj", "{5FBC4DA1-5728-4CE2-BC8A-0D4801388957}"
EndProject
Global
	GlobalSection(SolutionConfigurationPlatforms) = preSolution
		Debug|Any CPU = Debug|Any CPU
		Release|Any CPU = Release|Any CPU
	EndGlobalSection
	GlobalSection(ProjectConfigurationPlatforms) = postSolution
		{5FBC4DA1-5728-4CE2-BC8A-0D4801388957}.Debug|Any CPU.ActiveCfg = Debug|Any CPU
		{5FBC4DA1-5728-4CE2-BC8A-0D4801388957}.Debug|Any CPU.Build.0 = Debug|Any CPU
		{5FBC4DA1-5728-4CE2-BC8A-0D4801388957}.Release|Any CPU.ActiveCfg = Release|Any CPU
		{5FBC4DA1-5728-4CE2-BC8A-0D4801388957}.Release|Any CPU.Build.0 = Release|Any CPU
	EndGlobalSection
	GlobalSection(SolutionProperties) = preSolution
		HideSolutionNode = FALSE
	EndGlobalSection
	GlobalSection(ExtensibilityGlobals) = postSolution
		SolutionGuid = {F15090F5-ADDE-478F-B914-3992A3EA59FA}
	EndGlobalSection
EndGlobal
